Microsoft Visual Studio Solution File, Format Version 12.00
# Visual Studio Version 17
VisualStudioVersion = 17.5.2.0
MinimumVisualStudioVersion = 10.0.40219.1
Project("{FAE04EC0-301F-11D3-BF4B-00C04F79EFBC}") = "Linux Project", "Linux Project.csproj", "{5706942F-B562-B779-1807-0B033A57B65D}"
EndProject
Global
	GlobalSection(SolutionConfigurationPlatforms) = preSolution
		Debug|Any CPU = Debug|Any CPU
		Release|Any CPU = Release|Any CPU
	EndGlobalSection
	GlobalSection(ProjectConfigurationPlatforms) = postSolution
		{5706942F-B562-B779-1807-0B033A57B65D}.Debug|Any CPU.ActiveCfg = Debug|Any CPU
		{5706942F-B562-B779-1807-0B033A57B65D}.Debug|Any CPU.Build.0 = Debug|Any CPU
		{5706942F-B562-B779-1807-0B033A57B65D}.Release|Any CPU.ActiveCfg = Release|Any CPU
		{5706942F-B562-B779-1807-0B033A57B65D}.Release|Any CPU.Build.0 = Release|Any CPU
	EndGlobalSection
	GlobalSection(SolutionProperties) = preSolution
		HideSolutionNode = FALSE
	EndGlobalSection
	GlobalSection(ExtensibilityGlobals) = postSolution
		SolutionGuid = {10F59999-100C-4984-8E74-1CC00E69CF98}
	EndGlobalSection
EndGlobal
